
Microsoft Visual Studio Solution File, Format Version 12.00
# Visual Studio Version 16
VisualStudioVersion = 16.0.32002.261
MinimumVisualStudioVersion = 10.0.40219.1
Project("{F184B08F-C81C-45F6-A57F-5ABD9991F28F}") = "WebApplication1", "WebApplication1\WebApplication1.vbproj", "{EA6FE608-D9F1-46F6-A1C0-9FA53694B4CD}"
EndProject
Global
	GlobalSection(SolutionConfigurationPlatforms) = preSolution
		Debug|Any CPU = Debug|Any CPU
		Release|Any CPU = Release|Any CPU
	EndGlobalSection
	GlobalSection(ProjectConfigurationPlatforms) = postSolution
		{EA6FE608-D9F1-46F6-A1C0-9FA53694B4CD}.Debug|Any CPU.ActiveCfg = Debug|Any CPU
		{EA6FE608-D9F1-46F6-A1C0-9FA53694B4CD}.Debug|Any CPU.Build.0 = Debug|Any CPU
		{EA6FE608-D9F1-46F6-A1C0-9FA53694B4CD}.Release|Any CPU.ActiveCfg = Release|Any CPU
		{EA6FE608-D9F1-46F6-A1C0-9FA53694B4CD}.Release|Any CPU.Build.0 = Release|Any CPU
	EndGlobalSection
	GlobalSection(SolutionProperties) = preSolution
		HideSolutionNode = FALSE
	EndGlobalSection
	GlobalSection(ExtensibilityGlobals) = postSolution
		SolutionGuid = {C643DEED-5A0D-4813-B2AE-1A5F18FF5E48}
	EndGlobalSection
EndGlobal
